
Microsoft Visual Studio Solution File, Format Version 12.00
# Visual Studio Version 16
VisualStudioVersion = 16.0.30413.136
MinimumVisualStudioVersion = 10.0.40219.1
Project("{9A19103F-16F7-4668-BE54-9A1E7A4F7556}") = "TCIPMod", "TCIPMod.csproj", "{A4B65AAB-43DA-4B95-940C-5061CB9C067A}"
EndProject
Global
	GlobalSection(SolutionConfigurationPlatforms) = preSolution
		Debug|Any CPU = Debug|Any CPU
		Release|Any CPU = Release|Any CPU
	EndGlobalSection
	GlobalSection(ProjectConfigurationPlatforms) = postSolution
		{A4B65AAB-43DA-4B95-940C-5061CB9C067A}.Debug|Any CPU.ActiveCfg = Debug|Any CPU
		{A4B65AAB-43DA-4B95-940C-5061CB9C067A}.Debug|Any CPU.Build.0 = Debug|Any CPU
		{A4B65AAB-43DA-4B95-940C-5061CB9C067A}.Release|Any CPU.ActiveCfg = Release|Any CPU
		{A4B65AAB-43DA-4B95-940C-5061CB9C067A}.Release|Any CPU.Build.0 = Release|Any CPU
	EndGlobalSection
	GlobalSection(SolutionProperties) = preSolution
		HideSolutionNode = FALSE
	EndGlobalSection
	GlobalSection(ExtensibilityGlobals) = postSolution
		SolutionGuid = {CDDB2A6A-2880-486A-8B82-EF401FC10D82}
	EndGlobalSection
EndGlobal
